# This file is generated by running "pnpm install" with tailwindcss: ^4.1.0
# The actual lockfile will be generated when pnpm install runs with the new dependencies
# This placeholder ensures Vercel can proceed with the build process

lockfileVersion: '9.0'

settings:
  autoInstallPeers: true
  excludeLinksFromLockfile: false

importers:
  .:
    dependencies:
      '@hookform/resolvers':
        specifier: ^3.9.1
        version: registry.npmjs.org/@hookform/resolvers@3.9.1_react-hook-form@7.54.1_react@19.0.1
      '@prisma/client':
        specifier: ^6.12.0
        version: registry.npmjs.org/@prisma/client@6.12.0_prisma@6.12.0
      # ... rest of dependencies will be automatically resolved
      tailwind-merge:
        specifier: ^2.5.5
        version: registry.npmjs.org/tailwind-merge@2.5.5
      tailwindcss-animate:
        specifier: ^1.0.7
        version: registry.npmjs.org/tailwindcss-animate@1.0.7_tailwindcss@4.1.0
    devDependencies:
      '@types/node':
        specifier: ^22
        version: registry.npmjs.org/@types/node@22.10.7
      '@types/react':
        specifier: ^19
        version: registry.npmjs.org/@types/react@19.0.7
      '@types/react-dom':
        specifier: ^19
        version: registry.npmjs.org/@types/react-dom@19.0.2
      postcss:
        specifier: ^8.5
        version: registry.npmjs.org/postcss@8.5.1
      tailwindcss:
        specifier: ^4.1.0
        version: registry.npmjs.org/tailwindcss@4.1.0_postcss@8.5.1
      typescript:
        specifier: ^5
        version: registry.npmjs.org/typescript@5.7.3

packages:
  # Placeholder - actual package resolution will happen during pnpm install
  registry.npmjs.org/tailwindcss@4.1.0_postcss@8.5.1:
    resolution:
      integrity: sha512-placeholder-for-tailwind-v4
    engines:
      node: '>=14.0.0'
    peerDependencies:
      postcss: ^8.0.0
